// !$*UTF8*$!
{
	archiveVersion = 1;
	classes = {
	};
	objectVersion = 46;
	objects = {

/* Begin PBXBuildFile section */
		3B5882D81E50F65E005ED5A5 /* HomeController.swift in Sources */ = {isa = PBXBuildFile; fileRef = 3B5882D71E50F65E005ED5A5 /* HomeController.swift */; };
		3B5882DA1E511A2F005ED5A5 /* FeedTableViewCell.swift in Sources */ = {isa = PBXBuildFile; fileRef = 3B5882D91E511A2F005ED5A5 /* FeedTableViewCell.swift */; };
		3B5882DE1E533FA8005ED5A5 /* Assets.xcassets in Resources */ = {isa = PBXBuildFile; fileRef = 3B5882DD1E533FA8005ED5A5 /* Assets.xcassets */; };
		3B5882E01E5363EB005ED5A5 /* UploadPhotoViewController.swift in Sources */ = {isa = PBXBuildFile; fileRef = 3B5882DF1E5363EB005ED5A5 /* UploadPhotoViewController.swift */; };
		BD1882215D7B71DD2C1A099A /* Pods_chopchop.framework in Frameworks */ = {isa = PBXBuildFile; fileRef = 2035F68FFE98486874BCE05C /* Pods_chopchop.framework */; };
		EF5A1A861E56B35C00B32495 /* Extensions.swift in Sources */ = {isa = PBXBuildFile; fileRef = EF5A1A851E56B35C00B32495 /* Extensions.swift */; };
		EF96032E1E7D957F004D3E83 /* LastUpdateTableService.swift in Sources */ = {isa = PBXBuildFile; fileRef = EF96032D1E7D957F004D3E83 /* LastUpdateTableService.swift */; };
		EF9603301E7D9633004D3E83 /* User+sql.swift in Sources */ = {isa = PBXBuildFile; fileRef = EF96032F1E7D9633004D3E83 /* User+sql.swift */; };
		EF9603321E7D9D96004D3E83 /* libsqlite3.0.tbd in Frameworks */ = {isa = PBXBuildFile; fileRef = EF9603311E7D9D96004D3E83 /* libsqlite3.0.tbd */; };
		EF9A8ED61E41802100CEB49A /* AppDelegate.swift in Sources */ = {isa = PBXBuildFile; fileRef = EF9A8ED51E41802100CEB49A /* AppDelegate.swift */; };
		EF9A8ED81E41802100CEB49A /* LoginController.swift in Sources */ = {isa = PBXBuildFile; fileRef = EF9A8ED71E41802100CEB49A /* LoginController.swift */; };
		EF9A8EDB1E41802100CEB49A /* Main.storyboard in Resources */ = {isa = PBXBuildFile; fileRef = EF9A8ED91E41802100CEB49A /* Main.storyboard */; };
		EF9A8EE01E41802100CEB49A /* LaunchScreen.storyboard in Resources */ = {isa = PBXBuildFile; fileRef = EF9A8EDE1E41802100CEB49A /* LaunchScreen.storyboard */; };
		EF9A8EE81E41811B00CEB49A /* GoogleService-Info.plist in Resources */ = {isa = PBXBuildFile; fileRef = EF9A8EE71E41811B00CEB49A /* GoogleService-Info.plist */; };
		EFA2DCA31E7DA800004FDCBE /* ModelSql.swift in Sources */ = {isa = PBXBuildFile; fileRef = EFA2DCA21E7DA800004FDCBE /* ModelSql.swift */; };
		EFA2DCA91E7DB619004FDCBE /* ModelFirebase.swift in Sources */ = {isa = PBXBuildFile; fileRef = EFA2DCA81E7DB619004FDCBE /* ModelFirebase.swift */; };
		EFA2DCAB1E7DB710004FDCBE /* Model.swift in Sources */ = {isa = PBXBuildFile; fileRef = EFA2DCAA1E7DB710004FDCBE /* Model.swift */; };
		EFA2DCAD1E7DC9FF004FDCBE /* Feed+sql.swift in Sources */ = {isa = PBXBuildFile; fileRef = EFA2DCAC1E7DC9FF004FDCBE /* Feed+sql.swift */; };
		EFC810231E512978005DCAC0 /* LoginInputController.swift in Sources */ = {isa = PBXBuildFile; fileRef = EFC810221E512978005DCAC0 /* LoginInputController.swift */; };
		EFDB37E81E564BBE000FB61D /* ChopchopDataService.old.swift in Sources */ = {isa = PBXBuildFile; fileRef = EFDB37E71E564BBE000FB61D /* ChopchopDataService.old.swift */; };
		EFDB37EB1E564C2C000FB61D /* User.swift in Sources */ = {isa = PBXBuildFile; fileRef = EFDB37EA1E564C2C000FB61D /* User.swift */; };
		EFDB37ED1E564C62000FB61D /* FeedItem.swift in Sources */ = {isa = PBXBuildFile; fileRef = EFDB37EC1E564C62000FB61D /* FeedItem.swift */; };
		EFDB37EF1E564FBA000FB61D /* ChopchopAuthService.old.swift in Sources */ = {isa = PBXBuildFile; fileRef = EFDB37EE1E564FBA000FB61D /* ChopchopAuthService.old.swift */; };
/* End PBXBuildFile section */

/* Begin PBXFileReference section */
		2035F68FFE98486874BCE05C /* Pods_chopchop.framework */ = {isa = PBXFileReference; explicitFileType = wrapper.framework; includeInIndex = 0; path = Pods_chopchop.framework; sourceTree = BUILT_PRODUCTS_DIR; };
		24D9A5336D6676A3CEB03CE5 /* Pods-chopchop.release.xcconfig */ = {isa = PBXFileReference; includeInIndex = 1; lastKnownFileType = text.xcconfig; name = "Pods-chopchop.release.xcconfig"; path = "Pods/Target Support Files/Pods-chopchop/Pods-chopchop.release.xcconfig"; sourceTree = "<group>"; };
		3B5882D71E50F65E005ED5A5 /* HomeController.swift */ = {isa = PBXFileReference; fileEncoding = 4; lastKnownFileType = sourcecode.swift; path = HomeController.swift; sourceTree = "<group>"; };
		3B5882D91E511A2F005ED5A5 /* FeedTableViewCell.swift */ = {isa = PBXFileReference; fileEncoding = 4; lastKnownFileType = sourcecode.swift; path = FeedTableViewCell.swift; sourceTree = "<group>"; };
		3B5882DD1E533FA8005ED5A5 /* Assets.xcassets */ = {isa = PBXFileReference; lastKnownFileType = folder.assetcatalog; path = Assets.xcassets; sourceTree = "<group>"; };
		3B5882DF1E5363EB005ED5A5 /* UploadPhotoViewController.swift */ = {isa = PBXFileReference; fileEncoding = 4; lastKnownFileType = sourcecode.swift; path = UploadPhotoViewController.swift; sourceTree = "<group>"; };
		92ECA3D15F03E68DAA1C7861 /* Pods-chopchop.debug.xcconfig */ = {isa = PBXFileReference; includeInIndex = 1; lastKnownFileType = text.xcconfig; name = "Pods-chopchop.debug.xcconfig"; path = "Pods/Target Support Files/Pods-chopchop/Pods-chopchop.debug.xcconfig"; sourceTree = "<group>"; };
		EF5A1A851E56B35C00B32495 /* Extensions.swift */ = {isa = PBXFileReference; fileEncoding = 4; lastKnownFileType = sourcecode.swift; path = Extensions.swift; sourceTree = "<group>"; };
		EF96032D1E7D957F004D3E83 /* LastUpdateTableService.swift */ = {isa = PBXFileReference; fileEncoding = 4; lastKnownFileType = sourcecode.swift; path = LastUpdateTableService.swift; sourceTree = "<group>"; };
		EF96032F1E7D9633004D3E83 /* User+sql.swift */ = {isa = PBXFileReference; fileEncoding = 4; lastKnownFileType = sourcecode.swift; path = "User+sql.swift"; sourceTree = "<group>"; };
		EF9603311E7D9D96004D3E83 /* libsqlite3.0.tbd */ = {isa = PBXFileReference; lastKnownFileType = "sourcecode.text-based-dylib-definition"; name = libsqlite3.0.tbd; path = usr/lib/libsqlite3.0.tbd; sourceTree = SDKROOT; };
		EF9A8ED21E41802100CEB49A /* chopchop.app */ = {isa = PBXFileReference; explicitFileType = wrapper.application; includeInIndex = 0; path = chopchop.app; sourceTree = BUILT_PRODUCTS_DIR; };
		EF9A8ED51E41802100CEB49A /* AppDelegate.swift */ = {isa = PBXFileReference; lastKnownFileType = sourcecode.swift; path = AppDelegate.swift; sourceTree = "<group>"; };
		EF9A8ED71E41802100CEB49A /* LoginController.swift */ = {isa = PBXFileReference; lastKnownFileType = sourcecode.swift; path = LoginController.swift; sourceTree = "<group>"; };
		EF9A8EDA1E41802100CEB49A /* Base */ = {isa = PBXFileReference; lastKnownFileType = file.storyboard; name = Base; path = Base.lproj/Main.storyboard; sourceTree = "<group>"; };
		EF9A8EDF1E41802100CEB49A /* Base */ = {isa = PBXFileReference; lastKnownFileType = file.storyboard; name = Base; path = Base.lproj/LaunchScreen.storyboard; sourceTree = "<group>"; };
		EF9A8EE11E41802100CEB49A /* Info.plist */ = {isa = PBXFileReference; lastKnownFileType = text.plist.xml; path = Info.plist; sourceTree = "<group>"; };
		EF9A8EE71E41811B00CEB49A /* GoogleService-Info.plist */ = {isa = PBXFileReference; fileEncoding = 4; lastKnownFileType = text.plist.xml; path = "GoogleService-Info.plist"; sourceTree = "<group>"; };
		EFA2DCA11E7D9FB0004FDCBE /* Chopchop-Bridging-Header.h */ = {isa = PBXFileReference; fileEncoding = 4; lastKnownFileType = sourcecode.c.h; path = "Chopchop-Bridging-Header.h"; sourceTree = "<group>"; };
		EFA2DCA21E7DA800004FDCBE /* ModelSql.swift */ = {isa = PBXFileReference; fileEncoding = 4; lastKnownFileType = sourcecode.swift; path = ModelSql.swift; sourceTree = "<group>"; };
		EFA2DCA81E7DB619004FDCBE /* ModelFirebase.swift */ = {isa = PBXFileReference; fileEncoding = 4; lastKnownFileType = sourcecode.swift; path = ModelFirebase.swift; sourceTree = "<group>"; };
		EFA2DCAA1E7DB710004FDCBE /* Model.swift */ = {isa = PBXFileReference; fileEncoding = 4; lastKnownFileType = sourcecode.swift; path = Model.swift; sourceTree = "<group>"; };
		EFA2DCAC1E7DC9FF004FDCBE /* Feed+sql.swift */ = {isa = PBXFileReference; fileEncoding = 4; lastKnownFileType = sourcecode.swift; path = "Feed+sql.swift"; sourceTree = "<group>"; };
		EFC810221E512978005DCAC0 /* LoginInputController.swift */ = {isa = PBXFileReference; fileEncoding = 4; lastKnownFileType = sourcecode.swift; path = LoginInputController.swift; sourceTree = "<group>"; };
		EFDB37E71E564BBE000FB61D /* ChopchopDataService.old.swift */ = {isa = PBXFileReference; fileEncoding = 4; lastKnownFileType = sourcecode.swift; path = ChopchopDataService.old.swift; sourceTree = "<group>"; };
		EFDB37EA1E564C2C000FB61D /* User.swift */ = {isa = PBXFileReference; fileEncoding = 4; lastKnownFileType = sourcecode.swift; path = User.swift; sourceTree = "<group>"; };
		EFDB37EC1E564C62000FB61D /* FeedItem.swift */ = {isa = PBXFileReference; fileEncoding = 4; lastKnownFileType = sourcecode.swift; path = FeedItem.swift; sourceTree = "<group>"; };
		EFDB37EE1E564FBA000FB61D /* ChopchopAuthService.old.swift */ = {isa = PBXFileReference; fileEncoding = 4; lastKnownFileType = sourcecode.swift; path = ChopchopAuthService.old.swift; sourceTree = "<group>"; };
/* End PBXFileReference section */

/* Begin PBXFrameworksBuildPhase section */
		EF9A8ECF1E41802000CEB49A /* Frameworks */ = {
			isa = PBXFrameworksBuildPhase;
			buildActionMask = 2147483647;
			files = (
				EF9603321E7D9D96004D3E83 /* libsqlite3.0.tbd in Frameworks */,
				BD1882215D7B71DD2C1A099A /* Pods_chopchop.framework in Frameworks */,
			);
			runOnlyForDeploymentPostprocessing = 0;
		};
/* End PBXFrameworksBuildPhase section */

/* Begin PBXGroup section */
		228CD042061EC3632E94D784 /* Pods */ = {
			isa = PBXGroup;
			children = (
				92ECA3D15F03E68DAA1C7861 /* Pods-chopchop.debug.xcconfig */,
				24D9A5336D6676A3CEB03CE5 /* Pods-chopchop.release.xcconfig */,
			);
			name = Pods;
			sourceTree = "<group>";
		};
		B39C068D452C824ECA2706DD /* Frameworks */ = {
			isa = PBXGroup;
			children = (
				EF9603311E7D9D96004D3E83 /* libsqlite3.0.tbd */,
				2035F68FFE98486874BCE05C /* Pods_chopchop.framework */,
			);
			name = Frameworks;
			sourceTree = "<group>";
		};
		EF5A1A831E56AB2F00B32495 /* View */ = {
			isa = PBXGroup;
			children = (
				3B5882D91E511A2F005ED5A5 /* FeedTableViewCell.swift */,
			);
			name = View;
			sourceTree = "<group>";
		};
		EF5A1A841E56B33C00B32495 /* Helpers */ = {
			isa = PBXGroup;
			children = (
				EF5A1A851E56B35C00B32495 /* Extensions.swift */,
			);
			name = Helpers;
			sourceTree = "<group>";
		};
		EF9A8EC91E41802000CEB49A = {
			isa = PBXGroup;
			children = (
				EF9A8ED41E41802100CEB49A /* chopchop */,
				EF9A8ED31E41802100CEB49A /* Products */,
				228CD042061EC3632E94D784 /* Pods */,
				B39C068D452C824ECA2706DD /* Frameworks */,
			);
			sourceTree = "<group>";
		};
		EF9A8ED31E41802100CEB49A /* Products */ = {
			isa = PBXGroup;
			children = (
				EF9A8ED21E41802100CEB49A /* chopchop.app */,
			);
			name = Products;
			sourceTree = "<group>";
		};
		EF9A8ED41E41802100CEB49A /* chopchop */ = {
			isa = PBXGroup;
			children = (
				EF5A1A841E56B33C00B32495 /* Helpers */,
				EF5A1A831E56AB2F00B32495 /* View */,
				EFDB37F01E564FC8000FB61D /* Service */,
				EFDB37E91E564C1E000FB61D /* Model */,
				3B5882DD1E533FA8005ED5A5 /* Assets.xcassets */,
				EFF700841E41856600409C85 /* Controller */,
				EF9A8ED51E41802100CEB49A /* AppDelegate.swift */,
				EF9A8ED91E41802100CEB49A /* Main.storyboard */,
				EF9A8EDE1E41802100CEB49A /* LaunchScreen.storyboard */,
				EF9A8EE11E41802100CEB49A /* Info.plist */,
				EF9A8EE71E41811B00CEB49A /* GoogleService-Info.plist */,
				EFA2DCA11E7D9FB0004FDCBE /* Chopchop-Bridging-Header.h */,
			);
			path = chopchop;
			sourceTree = "<group>";
		};
		EFDB37E91E564C1E000FB61D /* Model */ = {
			isa = PBXGroup;
			children = (
				EFDB37EA1E564C2C000FB61D /* User.swift */,
				EFDB37EC1E564C62000FB61D /* FeedItem.swift */,
				EF96032F1E7D9633004D3E83 /* User+sql.swift */,
				EFA2DCA21E7DA800004FDCBE /* ModelSql.swift */,
				EFA2DCA81E7DB619004FDCBE /* ModelFirebase.swift */,
				EFA2DCAA1E7DB710004FDCBE /* Model.swift */,
				EFA2DCAC1E7DC9FF004FDCBE /* Feed+sql.swift */,
			);
			name = Model;
			sourceTree = "<group>";
		};
		EFDB37F01E564FC8000FB61D /* Service */ = {
			isa = PBXGroup;
			children = (
				EFDB37E71E564BBE000FB61D /* ChopchopDataService.old.swift */,
				EFDB37EE1E564FBA000FB61D /* ChopchopAuthService.old.swift */,
				EF96032D1E7D957F004D3E83 /* LastUpdateTableService.swift */,
			);
			name = Service;
			sourceTree = "<group>";
		};
		EFF700841E41856600409C85 /* Controller */ = {
			isa = PBXGroup;
			children = (
				EF9A8ED71E41802100CEB49A /* LoginController.swift */,
				3B5882D71E50F65E005ED5A5 /* HomeController.swift */,
				3B5882DF1E5363EB005ED5A5 /* UploadPhotoViewController.swift */,
				EFC810221E512978005DCAC0 /* LoginInputController.swift */,
			);
			name = Controller;
			sourceTree = "<group>";
		};
/* End PBXGroup section */

/* Begin PBXNativeTarget section */
		EF9A8ED11E41802000CEB49A /* chopchop */ = {
			isa = PBXNativeTarget;
			buildConfigurationList = EF9A8EE41E41802100CEB49A /* Build configuration list for PBXNativeTarget "chopchop" */;
			buildPhases = (
				0C5E87A3793DD257DF817F00 /* [CP] Check Pods Manifest.lock */,
				EF9A8ECE1E41802000CEB49A /* Sources */,
				EF9A8ECF1E41802000CEB49A /* Frameworks */,
				EF9A8ED01E41802000CEB49A /* Resources */,
				D3BA514A445DDBD13569FE25 /* [CP] Embed Pods Frameworks */,
				F2117407697DEE5C4B764E6B /* [CP] Copy Pods Resources */,
			);
			buildRules = (
			);
			dependencies = (
			);
			name = chopchop;
			productName = chopchop;
			productReference = EF9A8ED21E41802100CEB49A /* chopchop.app */;
			productType = "com.apple.product-type.application";
		};
/* End PBXNativeTarget section */

/* Begin PBXProject section */
		EF9A8ECA1E41802000CEB49A /* Project object */ = {
			isa = PBXProject;
			attributes = {
				LastSwiftUpdateCheck = 0820;
				LastUpgradeCheck = 0820;
				ORGANIZATIONNAME = "Maor Eini";
				TargetAttributes = {
					EF9A8ED11E41802000CEB49A = {
						CreatedOnToolsVersion = 8.2.1;
						DevelopmentTeam = EH6455K74E;
						ProvisioningStyle = Automatic;
					};
				};
			};
			buildConfigurationList = EF9A8ECD1E41802000CEB49A /* Build configuration list for PBXProject "chopchop" */;
			compatibilityVersion = "Xcode 3.2";
			developmentRegion = English;
			hasScannedForEncodings = 0;
			knownRegions = (
				en,
				Base,
			);
			mainGroup = EF9A8EC91E41802000CEB49A;
			productRefGroup = EF9A8ED31E41802100CEB49A /* Products */;
			projectDirPath = "";
			projectRoot = "";
			targets = (
				EF9A8ED11E41802000CEB49A /* chopchop */,
			);
		};
/* End PBXProject section */

/* Begin PBXResourcesBuildPhase section */
		EF9A8ED01E41802000CEB49A /* Resources */ = {
			isa = PBXResourcesBuildPhase;
			buildActionMask = 2147483647;
			files = (
				EF9A8EE01E41802100CEB49A /* LaunchScreen.storyboard in Resources */,
				EF9A8EE81E41811B00CEB49A /* GoogleService-Info.plist in Resources */,
				3B5882DE1E533FA8005ED5A5 /* Assets.xcassets in Resources */,
				EF9A8EDB1E41802100CEB49A /* Main.storyboard in Resources */,
			);
			runOnlyForDeploymentPostprocessing = 0;
		};
/* End PBXResourcesBuildPhase section */

/* Begin PBXShellScriptBuildPhase section */
		0C5E87A3793DD257DF817F00 /* [CP] Check Pods Manifest.lock */ = {
			isa = PBXShellScriptBuildPhase;
			buildActionMask = 2147483647;
			files = (
			);
			inputPaths = (
			);
			name = "[CP] Check Pods Manifest.lock";
			outputPaths = (
			);
			runOnlyForDeploymentPostprocessing = 0;
			shellPath = /bin/sh;
			shellScript = "diff \"${PODS_ROOT}/../Podfile.lock\" \"${PODS_ROOT}/Manifest.lock\" > /dev/null\nif [ $? != 0 ] ; then\n    # print error to STDERR\n    echo \"error: The sandbox is not in sync with the Podfile.lock. Run 'pod install' or update your CocoaPods installation.\" >&2\n    exit 1\nfi\n";
			showEnvVarsInLog = 0;
		};
		D3BA514A445DDBD13569FE25 /* [CP] Embed Pods Frameworks */ = {
			isa = PBXShellScriptBuildPhase;
			buildActionMask = 2147483647;
			files = (
			);
			inputPaths = (
			);
			name = "[CP] Embed Pods Frameworks";
			outputPaths = (
			);
			runOnlyForDeploymentPostprocessing = 0;
			shellPath = /bin/sh;
			shellScript = "\"${SRCROOT}/Pods/Target Support Files/Pods-chopchop/Pods-chopchop-frameworks.sh\"\n";
			showEnvVarsInLog = 0;
		};
		F2117407697DEE5C4B764E6B /* [CP] Copy Pods Resources */ = {
			isa = PBXShellScriptBuildPhase;
			buildActionMask = 2147483647;
			files = (
			);
			inputPaths = (
			);
			name = "[CP] Copy Pods Resources";
			outputPaths = (
			);
			runOnlyForDeploymentPostprocessing = 0;
			shellPath = /bin/sh;
			shellScript = "\"${SRCROOT}/Pods/Target Support Files/Pods-chopchop/Pods-chopchop-resources.sh\"\n";
			showEnvVarsInLog = 0;
		};
/* End PBXShellScriptBuildPhase section */

/* Begin PBXSourcesBuildPhase section */
		EF9A8ECE1E41802000CEB49A /* Sources */ = {
			isa = PBXSourcesBuildPhase;
			buildActionMask = 2147483647;
			files = (
				EFC810231E512978005DCAC0 /* LoginInputController.swift in Sources */,
				EF9A8ED81E41802100CEB49A /* LoginController.swift in Sources */,
				EFA2DCA31E7DA800004FDCBE /* ModelSql.swift in Sources */,
				EFA2DCAD1E7DC9FF004FDCBE /* Feed+sql.swift in Sources */,
				3B5882DA1E511A2F005ED5A5 /* FeedTableViewCell.swift in Sources */,
				EF96032E1E7D957F004D3E83 /* LastUpdateTableService.swift in Sources */,
				EF9A8ED61E41802100CEB49A /* AppDelegate.swift in Sources */,
				EF9603301E7D9633004D3E83 /* User+sql.swift in Sources */,
				EFDB37EF1E564FBA000FB61D /* ChopchopAuthService.old.swift in Sources */,
				EFDB37EB1E564C2C000FB61D /* User.swift in Sources */,
				EFA2DCAB1E7DB710004FDCBE /* Model.swift in Sources */,
				EF5A1A861E56B35C00B32495 /* Extensions.swift in Sources */,
				EFA2DCA91E7DB619004FDCBE /* ModelFirebase.swift in Sources */,
				3B5882E01E5363EB005ED5A5 /* UploadPhotoViewController.swift in Sources */,
				3B5882D81E50F65E005ED5A5 /* HomeController.swift in Sources */,
				EFDB37E81E564BBE000FB61D /* ChopchopDataService.old.swift in Sources */,
				EFDB37ED1E564C62000FB61D /* FeedItem.swift in Sources */,
			);
			runOnlyForDeploymentPostprocessing = 0;
		};
/* End PBXSourcesBuildPhase section */

/* Begin PBXVariantGroup section */
		EF9A8ED91E41802100CEB49A /* Main.storyboard */ = {
			isa = PBXVariantGroup;
			children = (
				EF9A8EDA1E41802100CEB49A /* Base */,
			);
			name = Main.storyboard;
			sourceTree = "<group>";
		};
		EF9A8EDE1E41802100CEB49A /* LaunchScreen.storyboard */ = {
			isa = PBXVariantGroup;
			children = (
				EF9A8EDF1E41802100CEB49A /* Base */,
			);
			name = LaunchScreen.storyboard;
			sourceTree = "<group>";
		};
/* End PBXVariantGroup section */

/* Begin XCBuildConfiguration section */
		EF9A8EE21E41802100CEB49A /* Debug */ = {
			isa = XCBuildConfiguration;
			buildSettings = {
				ALWAYS_SEARCH_USER_PATHS = NO;
				CLANG_ANALYZER_NONNULL = YES;
				CLANG_CXX_LANGUAGE_STANDARD = "gnu++0x";
				CLANG_CXX_LIBRARY = "libc++";
				CLANG_ENABLE_MODULES = YES;
				CLANG_ENABLE_OBJC_ARC = YES;
				CLANG_WARN_BOOL_CONVERSION = YES;
				CLANG_WARN_CONSTANT_CONVERSION = YES;
				CLANG_WARN_DIRECT_OBJC_ISA_USAGE = YES_ERROR;
				CLANG_WARN_DOCUMENTATION_COMMENTS = YES;
				CLANG_WARN_EMPTY_BODY = YES;
				CLANG_WARN_ENUM_CONVERSION = YES;
				CLANG_WARN_INFINITE_RECURSION = YES;
				CLANG_WARN_INT_CONVERSION = YES;
				CLANG_WARN_OBJC_ROOT_CLASS = YES_ERROR;
				CLANG_WARN_SUSPICIOUS_MOVE = YES;
				CLANG_WARN_UNREACHABLE_CODE = YES;
				CLANG_WARN__DUPLICATE_METHOD_MATCH = YES;
				"CODE_SIGN_IDENTITY[sdk=iphoneos*]" = "iPhone Developer";
				COPY_PHASE_STRIP = NO;
				DEBUG_INFORMATION_FORMAT = dwarf;
				ENABLE_STRICT_OBJC_MSGSEND = YES;
				ENABLE_TESTABILITY = YES;
				GCC_C_LANGUAGE_STANDARD = gnu99;
				GCC_DYNAMIC_NO_PIC = NO;
				GCC_NO_COMMON_BLOCKS = YES;
				GCC_OPTIMIZATION_LEVEL = 0;
				GCC_PREPROCESSOR_DEFINITIONS = (
					"DEBUG=1",
					"$(inherited)",
				);
				GCC_WARN_64_TO_32_BIT_CONVERSION = YES;
				GCC_WARN_ABOUT_RETURN_TYPE = YES_ERROR;
				GCC_WARN_UNDECLARED_SELECTOR = YES;
				GCC_WARN_UNINITIALIZED_AUTOS = YES_AGGRESSIVE;
				GCC_WARN_UNUSED_FUNCTION = YES;
				GCC_WARN_UNUSED_VARIABLE = YES;
				IPHONEOS_DEPLOYMENT_TARGET = 10.2;
				MTL_ENABLE_DEBUG_INFO = YES;
				ONLY_ACTIVE_ARCH = YES;
				SDKROOT = iphoneos;
				SWIFT_ACTIVE_COMPILATION_CONDITIONS = DEBUG;
				SWIFT_OPTIMIZATION_LEVEL = "-Onone";
				TARGETED_DEVICE_FAMILY = "1,2";
			};
			name = Debug;
		};
		EF9A8EE31E41802100CEB49A /* Release */ = {
			isa = XCBuildConfiguration;
			buildSettings = {
				ALWAYS_SEARCH_USER_PATHS = NO;
				CLANG_ANALYZER_NONNULL = YES;
				CLANG_CXX_LANGUAGE_STANDARD = "gnu++0x";
				CLANG_CXX_LIBRARY = "libc++";
				CLANG_ENABLE_MODULES = YES;
				CLANG_ENABLE_OBJC_ARC = YES;
				CLANG_WARN_BOOL_CONVERSION = YES;
				CLANG_WARN_CONSTANT_CONVERSION = YES;
				CLANG_WARN_DIRECT_OBJC_ISA_USAGE = YES_ERROR;
				CLANG_WARN_DOCUMENTATION_COMMENTS = YES;
				CLANG_WARN_EMPTY_BODY = YES;
				CLANG_WARN_ENUM_CONVERSION = YES;
				CLANG_WARN_INFINITE_RECURSION = YES;
				CLANG_WARN_INT_CONVERSION = YES;
				CLANG_WARN_OBJC_ROOT_CLASS = YES_ERROR;
				CLANG_WARN_SUSPICIOUS_MOVE = YES;
				CLANG_WARN_UNREACHABLE_CODE = YES;
				CLANG_WARN__DUPLICATE_METHOD_MATCH = YES;
				"CODE_SIGN_IDENTITY[sdk=iphoneos*]" = "iPhone Developer";
				COPY_PHASE_STRIP = NO;
				DEBUG_INFORMATION_FORMAT = "dwarf-with-dsym";
				ENABLE_NS_ASSERTIONS = NO;
				ENABLE_STRICT_OBJC_MSGSEND = YES;
				GCC_C_LANGUAGE_STANDARD = gnu99;
				GCC_NO_COMMON_BLOCKS = YES;
				GCC_WARN_64_TO_32_BIT_CONVERSION = YES;
				GCC_WARN_ABOUT_RETURN_TYPE = YES_ERROR;
				GCC_WARN_UNDECLARED_SELECTOR = YES;
				GCC_WARN_UNINITIALIZED_AUTOS = YES_AGGRESSIVE;
				GCC_WARN_UNUSED_FUNCTION = YES;
				GCC_WARN_UNUSED_VARIABLE = YES;
				IPHONEOS_DEPLOYMENT_TARGET = 10.2;
				MTL_ENABLE_DEBUG_INFO = NO;
				SDKROOT = iphoneos;
				SWIFT_OPTIMIZATION_LEVEL = "-Owholemodule";
				TARGETED_DEVICE_FAMILY = "1,2";
				VALIDATE_PRODUCT = YES;
			};
			name = Release;
		};
		EF9A8EE51E41802100CEB49A /* Debug */ = {
			isa = XCBuildConfiguration;
			baseConfigurationReference = 92ECA3D15F03E68DAA1C7861 /* Pods-chopchop.debug.xcconfig */;
			buildSettings = {
				ASSETCATALOG_COMPILER_APPICON_NAME = AppIcon;
				DEVELOPMENT_TEAM = EH6455K74E;
				INFOPLIST_FILE = chopchop/Info.plist;
				LD_RUNPATH_SEARCH_PATHS = "$(inherited) @executable_path/Frameworks";
				PRODUCT_BUNDLE_IDENTIFIER = com.maoreini.chopchop;
				PRODUCT_NAME = "$(TARGET_NAME)";
				SWIFT_OBJC_BRIDGING_HEADER = "chopchop/Chopchop-Bridging-Header.h";
				SWIFT_VERSION = 3.0;
			};
			name = Debug;
		};
		EF9A8EE61E41802100CEB49A /* Release */ = {
			isa = XCBuildConfiguration;
			baseConfigurationReference = 24D9A5336D6676A3CEB03CE5 /* Pods-chopchop.release.xcconfig */;
			buildSettings = {
				ASSETCATALOG_COMPILER_APPICON_NAME = AppIcon;
				DEVELOPMENT_TEAM = EH6455K74E;
				INFOPLIST_FILE = chopchop/Info.plist;
				LD_RUNPATH_SEARCH_PATHS = "$(inherited) @executable_path/Frameworks";
				PRODUCT_BUNDLE_IDENTIFIER = com.maoreini.chopchop;
				PRODUCT_NAME = "$(TARGET_NAME)";
				SWIFT_OBJC_BRIDGING_HEADER = "chopchop/Chopchop-Bridging-Header.h";
				SWIFT_VERSION = 3.0;
			};
			name = Release;
		};
/* End XCBuildConfiguration section */

/* Begin XCConfigurationList section */
		EF9A8ECD1E41802000CEB49A /* Build configuration list for PBXProject "chopchop" */ = {
			isa = XCConfigurationList;
			buildConfigurations = (
				EF9A8EE21E41802100CEB49A /* Debug */,
				EF9A8EE31E41802100CEB49A /* Release */,
			);
			defaultConfigurationIsVisible = 0;
			defaultConfigurationName = Release;
		};
		EF9A8EE41E41802100CEB49A /* Build configuration list for PBXNativeTarget "chopchop" */ = {
			isa = XCConfigurationList;
			buildConfigurations = (
				EF9A8EE51E41802100CEB49A /* Debug */,
				EF9A8EE61E41802100CEB49A /* Release */,
			);
			defaultConfigurationIsVisible = 0;
			defaultConfigurationName = Release;
		};
/* End XCConfigurationList section */
	};
	rootObject = EF9A8ECA1E41802000CEB49A /* Project object */;
}
